
Microsoft Visual Studio Solution File, Format Version 12.00
# Visual Studio 14
VisualStudioVersion = 14.0.25420.1
MinimumVisualStudioVersion = 10.0.40219.1
Project("{FAE04EC0-301F-11D3-BF4B-00C04F79EFBC}") = "VVG.Modbus", "VVG.Modbus\VVG.Modbus.csproj", "{154EA065-31E9-4CBC-8BB2-0FAD28C9ABF9}"
EndProject
Project("{FAE04EC0-301F-11D3-BF4B-00C04F79EFBC}") = "ModbusClientTest", "ModbusClientTest\ModbusClientTest.csproj", "{E6667D61-5F12-418C-B1A4-09DD1FFF0745}"
EndProject
Global
	GlobalSection(SolutionConfigurationPlatforms) = preSolution
		Debug|Any CPU = Debug|Any CPU
		Release|Any CPU = Release|Any CPU
	EndGlobalSection
	GlobalSection(ProjectConfigurationPlatforms) = postSolution
		{154EA065-31E9-4CBC-8BB2-0FAD28C9ABF9}.Debug|Any CPU.ActiveCfg = Debug|Any CPU
		{154EA065-31E9-4CBC-8BB2-0FAD28C9ABF9}.Debug|Any CPU.Build.0 = Debug|Any CPU
		{154EA065-31E9-4CBC-8BB2-0FAD28C9ABF9}.Release|Any CPU.ActiveCfg = Release|Any CPU
		{154EA065-31E9-4CBC-8BB2-0FAD28C9ABF9}.Release|Any CPU.Build.0 = Release|Any CPU
		{E6667D61-5F12-418C-B1A4-09DD1FFF0745}.Debug|Any CPU.ActiveCfg = Debug|Any CPU
		{E6667D61-5F12-418C-B1A4-09DD1FFF0745}.Debug|Any CPU.Build.0 = Debug|Any CPU
		{E6667D61-5F12-418C-B1A4-09DD1FFF0745}.Release|Any CPU.ActiveCfg = Release|Any CPU
		{E6667D61-5F12-418C-B1A4-09DD1FFF0745}.Release|Any CPU.Build.0 = Release|Any CPU
	EndGlobalSection
	GlobalSection(SolutionProperties) = preSolution
		HideSolutionNode = FALSE
	EndGlobalSection
EndGlobal
